// !$*UTF8*$!
{
	archiveVersion = 1;
	classes = {
	};
	objectVersion = 56;
	objects = {

/* Begin PBXBuildFile section */
		5F61F3E62A2A980400A20023 /* AppDelegate.swift in Sources */ = {isa = PBXBuildFile; fileRef = 5F61F3E52A2A980400A20023 /* AppDelegate.swift */; };
		5F61F3E82A2A980400A20023 /* SceneDelegate.swift in Sources */ = {isa = PBXBuildFile; fileRef = 5F61F3E72A2A980400A20023 /* SceneDelegate.swift */; };
		5F61F3EA2A2A980400A20023 /* ViewController.swift in Sources */ = {isa = PBXBuildFile; fileRef = 5F61F3E92A2A980400A20023 /* ViewController.swift */; };
		5F61F3ED2A2A980400A20023 /* Main.storyboard in Resources */ = {isa = PBXBuildFile; fileRef = 5F61F3EB2A2A980400A20023 /* Main.storyboard */; };
		5F61F3F02A2A980400A20023 /* ICargasBrasil.xcdatamodeld in Sources */ = {isa = PBXBuildFile; fileRef = 5F61F3EE2A2A980400A20023 /* ICargasBrasil.xcdatamodeld */; };
		5F61F3F22A2A980600A20023 /* Assets.xcassets in Resources */ = {isa = PBXBuildFile; fileRef = 5F61F3F12A2A980600A20023 /* Assets.xcassets */; };
		5F61F3F52A2A980600A20023 /* LaunchScreen.storyboard in Resources */ = {isa = PBXBuildFile; fileRef = 5F61F3F32A2A980600A20023 /* LaunchScreen.storyboard */; };
		5F61F4002A2A980600A20023 /* ICargasBrasilTests.swift in Sources */ = {isa = PBXBuildFile; fileRef = 5F61F3FF2A2A980600A20023 /* ICargasBrasilTests.swift */; };
		5F61F40A2A2A980600A20023 /* ICargasBrasilUITests.swift in Sources */ = {isa = PBXBuildFile; fileRef = 5F61F4092A2A980600A20023 /* ICargasBrasilUITests.swift */; };
		5F61F40C2A2A980600A20023 /* ICargasBrasilUITestsLaunchTests.swift in Sources */ = {isa = PBXBuildFile; fileRef = 5F61F40B2A2A980600A20023 /* ICargasBrasilUITestsLaunchTests.swift */; };
		5F61F41E2A2A987E00A20023 /* LoginViewController.swift in Sources */ = {isa = PBXBuildFile; fileRef = 5F61F41D2A2A987E00A20023 /* LoginViewController.swift */; };
		5F61F4212A2A98A100A20023 /* LoginViewController.xib in Resources */ = {isa = PBXBuildFile; fileRef = 5F61F4202A2A98A100A20023 /* LoginViewController.xib */; };
		5F7328A02A2EC55200287D64 /* NSViewExtensions.swift in Sources */ = {isa = PBXBuildFile; fileRef = 5F73289F2A2EC55200287D64 /* NSViewExtensions.swift */; };
		A0DC46852A328172007F93AD /* RegisterViewController.swift in Sources */ = {isa = PBXBuildFile; fileRef = A0DC46832A328172007F93AD /* RegisterViewController.swift */; };
		A0DC46862A328172007F93AD /* RegisterViewController.xib in Resources */ = {isa = PBXBuildFile; fileRef = A0DC46842A328172007F93AD /* RegisterViewController.xib */; };
/* End PBXBuildFile section */

/* Begin PBXContainerItemProxy section */
		5F61F3FC2A2A980600A20023 /* PBXContainerItemProxy */ = {
			isa = PBXContainerItemProxy;
			containerPortal = 5F61F3DA2A2A980400A20023 /* Project object */;
			proxyType = 1;
			remoteGlobalIDString = 5F61F3E12A2A980400A20023;
			remoteInfo = ICargasBrasil;
		};
		5F61F4062A2A980600A20023 /* PBXContainerItemProxy */ = {
			isa = PBXContainerItemProxy;
			containerPortal = 5F61F3DA2A2A980400A20023 /* Project object */;
			proxyType = 1;
			remoteGlobalIDString = 5F61F3E12A2A980400A20023;
			remoteInfo = ICargasBrasil;
		};
/* End PBXContainerItemProxy section */

/* Begin PBXFileReference section */
		5F61F3E22A2A980400A20023 /* ICargasBrasil.app */ = {isa = PBXFileReference; explicitFileType = wrapper.application; includeInIndex = 0; path = ICargasBrasil.app; sourceTree = BUILT_PRODUCTS_DIR; };
		5F61F3E52A2A980400A20023 /* AppDelegate.swift */ = {isa = PBXFileReference; lastKnownFileType = sourcecode.swift; path = AppDelegate.swift; sourceTree = "<group>"; };
		5F61F3E72A2A980400A20023 /* SceneDelegate.swift */ = {isa = PBXFileReference; lastKnownFileType = sourcecode.swift; path = SceneDelegate.swift; sourceTree = "<group>"; };
		5F61F3E92A2A980400A20023 /* ViewController.swift */ = {isa = PBXFileReference; lastKnownFileType = sourcecode.swift; path = ViewController.swift; sourceTree = "<group>"; };
		5F61F3EC2A2A980400A20023 /* Base */ = {isa = PBXFileReference; lastKnownFileType = file.storyboard; name = Base; path = Base.lproj/Main.storyboard; sourceTree = "<group>"; };
		5F61F3EF2A2A980400A20023 /* ICargasBrasil.xcdatamodel */ = {isa = PBXFileReference; lastKnownFileType = wrapper.xcdatamodel; path = ICargasBrasil.xcdatamodel; sourceTree = "<group>"; };
		5F61F3F12A2A980600A20023 /* Assets.xcassets */ = {isa = PBXFileReference; lastKnownFileType = folder.assetcatalog; path = Assets.xcassets; sourceTree = "<group>"; };
		5F61F3F42A2A980600A20023 /* Base */ = {isa = PBXFileReference; lastKnownFileType = file.storyboard; name = Base; path = Base.lproj/LaunchScreen.storyboard; sourceTree = "<group>"; };
		5F61F3F62A2A980600A20023 /* Info.plist */ = {isa = PBXFileReference; lastKnownFileType = text.plist.xml; path = Info.plist; sourceTree = "<group>"; };
		5F61F3FB2A2A980600A20023 /* ICargasBrasilTests.xctest */ = {isa = PBXFileReference; explicitFileType = wrapper.cfbundle; includeInIndex = 0; path = ICargasBrasilTests.xctest; sourceTree = BUILT_PRODUCTS_DIR; };
		5F61F3FF2A2A980600A20023 /* ICargasBrasilTests.swift */ = {isa = PBXFileReference; lastKnownFileType = sourcecode.swift; path = ICargasBrasilTests.swift; sourceTree = "<group>"; };
		5F61F4052A2A980600A20023 /* ICargasBrasilUITests.xctest */ = {isa = PBXFileReference; explicitFileType = wrapper.cfbundle; includeInIndex = 0; path = ICargasBrasilUITests.xctest; sourceTree = BUILT_PRODUCTS_DIR; };
		5F61F4092A2A980600A20023 /* ICargasBrasilUITests.swift */ = {isa = PBXFileReference; lastKnownFileType = sourcecode.swift; path = ICargasBrasilUITests.swift; sourceTree = "<group>"; };
		5F61F40B2A2A980600A20023 /* ICargasBrasilUITestsLaunchTests.swift */ = {isa = PBXFileReference; lastKnownFileType = sourcecode.swift; path = ICargasBrasilUITestsLaunchTests.swift; sourceTree = "<group>"; };
		5F61F41D2A2A987E00A20023 /* LoginViewController.swift */ = {isa = PBXFileReference; fileEncoding = 4; lastKnownFileType = sourcecode.swift; path = LoginViewController.swift; sourceTree = "<group>"; };
		5F61F4202A2A98A100A20023 /* LoginViewController.xib */ = {isa = PBXFileReference; lastKnownFileType = file.xib; path = LoginViewController.xib; sourceTree = "<group>"; };
		5F73289F2A2EC55200287D64 /* NSViewExtensions.swift */ = {isa = PBXFileReference; fileEncoding = 4; lastKnownFileType = sourcecode.swift; path = NSViewExtensions.swift; sourceTree = "<group>"; };
		A0DC46832A328172007F93AD /* RegisterViewController.swift */ = {isa = PBXFileReference; lastKnownFileType = sourcecode.swift; path = RegisterViewController.swift; sourceTree = "<group>"; };
		A0DC46842A328172007F93AD /* RegisterViewController.xib */ = {isa = PBXFileReference; lastKnownFileType = file.xib; path = RegisterViewController.xib; sourceTree = "<group>"; };
/* End PBXFileReference section */

/* Begin PBXFrameworksBuildPhase section */
		5F61F3DF2A2A980400A20023 /* Frameworks */ = {
			isa = PBXFrameworksBuildPhase;
			buildActionMask = 2147483647;
			files = (
			);
			runOnlyForDeploymentPostprocessing = 0;
		};
		5F61F3F82A2A980600A20023 /* Frameworks */ = {
			isa = PBXFrameworksBuildPhase;
			buildActionMask = 2147483647;
			files = (
			);
			runOnlyForDeploymentPostprocessing = 0;
		};
		5F61F4022A2A980600A20023 /* Frameworks */ = {
			isa = PBXFrameworksBuildPhase;
			buildActionMask = 2147483647;
			files = (
			);
			runOnlyForDeploymentPostprocessing = 0;
		};
/* End PBXFrameworksBuildPhase section */

/* Begin PBXGroup section */
		5F61F3D92A2A980400A20023 = {
			isa = PBXGroup;
			children = (
				5F61F3E42A2A980400A20023 /* ICargasBrasil */,
				5F61F3FE2A2A980600A20023 /* ICargasBrasilTests */,
				5F61F4082A2A980600A20023 /* ICargasBrasilUITests */,
				5F61F3E32A2A980400A20023 /* Products */,
			);
			sourceTree = "<group>";
		};
		5F61F3E32A2A980400A20023 /* Products */ = {
			isa = PBXGroup;
			children = (
				5F61F3E22A2A980400A20023 /* ICargasBrasil.app */,
				5F61F3FB2A2A980600A20023 /* ICargasBrasilTests.xctest */,
				5F61F4052A2A980600A20023 /* ICargasBrasilUITests.xctest */,
			);
			name = Products;
			sourceTree = "<group>";
		};
		5F61F3E42A2A980400A20023 /* ICargasBrasil */ = {
			isa = PBXGroup;
			children = (
				5F73289E2A2EC4F000287D64 /* util */,
				5F61F4182A2A981B00A20023 /* ui */,
				5F61F3E52A2A980400A20023 /* AppDelegate.swift */,
				5F61F3E72A2A980400A20023 /* SceneDelegate.swift */,
				5F61F3E92A2A980400A20023 /* ViewController.swift */,
				5F61F3EB2A2A980400A20023 /* Main.storyboard */,
				5F61F3F12A2A980600A20023 /* Assets.xcassets */,
				5F61F3F32A2A980600A20023 /* LaunchScreen.storyboard */,
				5F61F3F62A2A980600A20023 /* Info.plist */,
				5F61F3EE2A2A980400A20023 /* ICargasBrasil.xcdatamodeld */,
			);
			path = ICargasBrasil;
			sourceTree = "<group>";
		};
		5F61F3FE2A2A980600A20023 /* ICargasBrasilTests */ = {
			isa = PBXGroup;
			children = (
				5F61F3FF2A2A980600A20023 /* ICargasBrasilTests.swift */,
			);
			path = ICargasBrasilTests;
			sourceTree = "<group>";
		};
		5F61F4082A2A980600A20023 /* ICargasBrasilUITests */ = {
			isa = PBXGroup;
			children = (
				5F61F4092A2A980600A20023 /* ICargasBrasilUITests.swift */,
				5F61F40B2A2A980600A20023 /* ICargasBrasilUITestsLaunchTests.swift */,
			);
			path = ICargasBrasilUITests;
			sourceTree = "<group>";
		};
		5F61F4182A2A981B00A20023 /* ui */ = {
			isa = PBXGroup;
			children = (
				A0DC46822A32811F007F93AD /* register */,
				5F61F41C2A2A986C00A20023 /* login */,
			);
			path = ui;
			sourceTree = "<group>";
		};
		5F61F41C2A2A986C00A20023 /* login */ = {
			isa = PBXGroup;
			children = (
				5F61F41D2A2A987E00A20023 /* LoginViewController.swift */,
				5F61F4202A2A98A100A20023 /* LoginViewController.xib */,
			);
			path = login;
			sourceTree = "<group>";
		};
		5F73289E2A2EC4F000287D64 /* util */ = {
			isa = PBXGroup;
			children = (
				5F73289F2A2EC55200287D64 /* NSViewExtensions.swift */,
			);
			path = util;
			sourceTree = "<group>";
		};
		A0DC46822A32811F007F93AD /* register */ = {
			isa = PBXGroup;
			children = (
				A0DC46832A328172007F93AD /* RegisterViewController.swift */,
				A0DC46842A328172007F93AD /* RegisterViewController.xib */,
			);
			path = register;
			sourceTree = "<group>";
		};
/* End PBXGroup section */

/* Begin PBXNativeTarget section */
		5F61F3E12A2A980400A20023 /* ICargasBrasil */ = {
			isa = PBXNativeTarget;
			buildConfigurationList = 5F61F40F2A2A980600A20023 /* Build configuration list for PBXNativeTarget "ICargasBrasil" */;
			buildPhases = (
				5F61F3DE2A2A980400A20023 /* Sources */,
				5F61F3DF2A2A980400A20023 /* Frameworks */,
				5F61F3E02A2A980400A20023 /* Resources */,
			);
			buildRules = (
			);
			dependencies = (
			);
			name = ICargasBrasil;
			productName = ICargasBrasil;
			productReference = 5F61F3E22A2A980400A20023 /* ICargasBrasil.app */;
			productType = "com.apple.product-type.application";
		};
		5F61F3FA2A2A980600A20023 /* ICargasBrasilTests */ = {
			isa = PBXNativeTarget;
			buildConfigurationList = 5F61F4122A2A980600A20023 /* Build configuration list for PBXNativeTarget "ICargasBrasilTests" */;
			buildPhases = (
				5F61F3F72A2A980600A20023 /* Sources */,
				5F61F3F82A2A980600A20023 /* Frameworks */,
				5F61F3F92A2A980600A20023 /* Resources */,
			);
			buildRules = (
			);
			dependencies = (
				5F61F3FD2A2A980600A20023 /* PBXTargetDependency */,
			);
			name = ICargasBrasilTests;
			productName = ICargasBrasilTests;
			productReference = 5F61F3FB2A2A980600A20023 /* ICargasBrasilTests.xctest */;
			productType = "com.apple.product-type.bundle.unit-test";
		};
		5F61F4042A2A980600A20023 /* ICargasBrasilUITests */ = {
			isa = PBXNativeTarget;
			buildConfigurationList = 5F61F4152A2A980600A20023 /* Build configuration list for PBXNativeTarget "ICargasBrasilUITests" */;
			buildPhases = (
				5F61F4012A2A980600A20023 /* Sources */,
				5F61F4022A2A980600A20023 /* Frameworks */,
				5F61F4032A2A980600A20023 /* Resources */,
			);
			buildRules = (
			);
			dependencies = (
				5F61F4072A2A980600A20023 /* PBXTargetDependency */,
			);
			name = ICargasBrasilUITests;
			productName = ICargasBrasilUITests;
			productReference = 5F61F4052A2A980600A20023 /* ICargasBrasilUITests.xctest */;
			productType = "com.apple.product-type.bundle.ui-testing";
		};
/* End PBXNativeTarget section */

/* Begin PBXProject section */
		5F61F3DA2A2A980400A20023 /* Project object */ = {
			isa = PBXProject;
			attributes = {
				BuildIndependentTargetsInParallel = 1;
				LastSwiftUpdateCheck = 1410;
				LastUpgradeCheck = 1410;
				TargetAttributes = {
					5F61F3E12A2A980400A20023 = {
						CreatedOnToolsVersion = 14.1;
					};
					5F61F3FA2A2A980600A20023 = {
						CreatedOnToolsVersion = 14.1;
						TestTargetID = 5F61F3E12A2A980400A20023;
					};
					5F61F4042A2A980600A20023 = {
						CreatedOnToolsVersion = 14.1;
						TestTargetID = 5F61F3E12A2A980400A20023;
					};
				};
			};
			buildConfigurationList = 5F61F3DD2A2A980400A20023 /* Build configuration list for PBXProject "ICargasBrasil" */;
			compatibilityVersion = "Xcode 14.0";
			developmentRegion = en;
			hasScannedForEncodings = 0;
			knownRegions = (
				en,
				Base,
			);
			mainGroup = 5F61F3D92A2A980400A20023;
			productRefGroup = 5F61F3E32A2A980400A20023 /* Products */;
			projectDirPath = "";
			projectRoot = "";
			targets = (
				5F61F3E12A2A980400A20023 /* ICargasBrasil */,
				5F61F3FA2A2A980600A20023 /* ICargasBrasilTests */,
				5F61F4042A2A980600A20023 /* ICargasBrasilUITests */,
			);
		};
/* End PBXProject section */

/* Begin PBXResourcesBuildPhase section */
		5F61F3E02A2A980400A20023 /* Resources */ = {
			isa = PBXResourcesBuildPhase;
			buildActionMask = 2147483647;
			files = (
				5F61F4212A2A98A100A20023 /* LoginViewController.xib in Resources */,
				A0DC46862A328172007F93AD /* RegisterViewController.xib in Resources */,
				5F61F3F52A2A980600A20023 /* LaunchScreen.storyboard in Resources */,
				5F61F3F22A2A980600A20023 /* Assets.xcassets in Resources */,
				5F61F3ED2A2A980400A20023 /* Main.storyboard in Resources */,
			);
			runOnlyForDeploymentPostprocessing = 0;
		};
		5F61F3F92A2A980600A20023 /* Resources */ = {
			isa = PBXResourcesBuildPhase;
			buildActionMask = 2147483647;
			files = (
			);
			runOnlyForDeploymentPostprocessing = 0;
		};
		5F61F4032A2A980600A20023 /* Resources */ = {
			isa = PBXResourcesBuildPhase;
			buildActionMask = 2147483647;
			files = (
			);
			runOnlyForDeploymentPostprocessing = 0;
		};
/* End PBXResourcesBuildPhase section */

/* Begin PBXSourcesBuildPhase section */
		5F61F3DE2A2A980400A20023 /* Sources */ = {
			isa = PBXSourcesBuildPhase;
			buildActionMask = 2147483647;
			files = (
				5F61F3EA2A2A980400A20023 /* ViewController.swift in Sources */,
				5F7328A02A2EC55200287D64 /* NSViewExtensions.swift in Sources */,
				A0DC46852A328172007F93AD /* RegisterViewController.swift in Sources */,
				5F61F3F02A2A980400A20023 /* ICargasBrasil.xcdatamodeld in Sources */,
				5F61F3E62A2A980400A20023 /* AppDelegate.swift in Sources */,
				5F61F41E2A2A987E00A20023 /* LoginViewController.swift in Sources */,
				5F61F3E82A2A980400A20023 /* SceneDelegate.swift in Sources */,
			);
			runOnlyForDeploymentPostprocessing = 0;
		};
		5F61F3F72A2A980600A20023 /* Sources */ = {
			isa = PBXSourcesBuildPhase;
			buildActionMask = 2147483647;
			files = (
				5F61F4002A2A980600A20023 /* ICargasBrasilTests.swift in Sources */,
			);
			runOnlyForDeploymentPostprocessing = 0;
		};
		5F61F4012A2A980600A20023 /* Sources */ = {
			isa = PBXSourcesBuildPhase;
			buildActionMask = 2147483647;
			files = (
				5F61F40C2A2A980600A20023 /* ICargasBrasilUITestsLaunchTests.swift in Sources */,
				5F61F40A2A2A980600A20023 /* ICargasBrasilUITests.swift in Sources */,
			);
			runOnlyForDeploymentPostprocessing = 0;
		};
/* End PBXSourcesBuildPhase section */

/* Begin PBXTargetDependency section */
		5F61F3FD2A2A980600A20023 /* PBXTargetDependency */ = {
			isa = PBXTargetDependency;
			target = 5F61F3E12A2A980400A20023 /* ICargasBrasil */;
			targetProxy = 5F61F3FC2A2A980600A20023 /* PBXContainerItemProxy */;
		};
		5F61F4072A2A980600A20023 /* PBXTargetDependency */ = {
			isa = PBXTargetDependency;
			target = 5F61F3E12A2A980400A20023 /* ICargasBrasil */;
			targetProxy = 5F61F4062A2A980600A20023 /* PBXContainerItemProxy */;
		};
/* End PBXTargetDependency section */

/* Begin PBXVariantGroup section */
		5F61F3EB2A2A980400A20023 /* Main.storyboard */ = {
			isa = PBXVariantGroup;
			children = (
				5F61F3EC2A2A980400A20023 /* Base */,
			);
			name = Main.storyboard;
			sourceTree = "<group>";
		};
		5F61F3F32A2A980600A20023 /* LaunchScreen.storyboard */ = {
			isa = PBXVariantGroup;
			children = (
				5F61F3F42A2A980600A20023 /* Base */,
			);
			name = LaunchScreen.storyboard;
			sourceTree = "<group>";
		};
/* End PBXVariantGroup section */

/* Begin XCBuildConfiguration section */
		5F61F40D2A2A980600A20023 /* Debug */ = {
			isa = XCBuildConfiguration;
			buildSettings = {
				ALWAYS_SEARCH_USER_PATHS = NO;
				CLANG_ANALYZER_NONNULL = YES;
				CLANG_ANALYZER_NUMBER_OBJECT_CONVERSION = YES_AGGRESSIVE;
				CLANG_CXX_LANGUAGE_STANDARD = "gnu++20";
				CLANG_ENABLE_MODULES = YES;
				CLANG_ENABLE_OBJC_ARC = YES;
				CLANG_ENABLE_OBJC_WEAK = YES;
				CLANG_WARN_BLOCK_CAPTURE_AUTORELEASING = YES;
				CLANG_WARN_BOOL_CONVERSION = YES;
				CLANG_WARN_COMMA = YES;
				CLANG_WARN_CONSTANT_CONVERSION = YES;
				CLANG_WARN_DEPRECATED_OBJC_IMPLEMENTATIONS = YES;
				CLANG_WARN_DIRECT_OBJC_ISA_USAGE = YES_ERROR;
				CLANG_WARN_DOCUMENTATION_COMMENTS = YES;
				CLANG_WARN_EMPTY_BODY = YES;
				CLANG_WARN_ENUM_CONVERSION = YES;
				CLANG_WARN_INFINITE_RECURSION = YES;
				CLANG_WARN_INT_CONVERSION = YES;
				CLANG_WARN_NON_LITERAL_NULL_CONVERSION = YES;
				CLANG_WARN_OBJC_IMPLICIT_RETAIN_SELF = YES;
				CLANG_WARN_OBJC_LITERAL_CONVERSION = YES;
				CLANG_WARN_OBJC_ROOT_CLASS = YES_ERROR;
				CLANG_WARN_QUOTED_INCLUDE_IN_FRAMEWORK_HEADER = YES;
				CLANG_WARN_RANGE_LOOP_ANALYSIS = YES;
				CLANG_WARN_STRICT_PROTOTYPES = YES;
				CLANG_WARN_SUSPICIOUS_MOVE = YES;
				CLANG_WARN_UNGUARDED_AVAILABILITY = YES_AGGRESSIVE;
				CLANG_WARN_UNREACHABLE_CODE = YES;
				CLANG_WARN__DUPLICATE_METHOD_MATCH = YES;
				COPY_PHASE_STRIP = NO;
				DEBUG_INFORMATION_FORMAT = dwarf;
				ENABLE_STRICT_OBJC_MSGSEND = YES;
				ENABLE_TESTABILITY = YES;
				GCC_C_LANGUAGE_STANDARD = gnu11;
				GCC_DYNAMIC_NO_PIC = NO;
				GCC_NO_COMMON_BLOCKS = YES;
				GCC_OPTIMIZATION_LEVEL = 0;
				GCC_PREPROCESSOR_DEFINITIONS = (
					"DEBUG=1",
					"$(inherited)",
				);
				GCC_WARN_64_TO_32_BIT_CONVERSION = YES;
				GCC_WARN_ABOUT_RETURN_TYPE = YES_ERROR;
				GCC_WARN_UNDECLARED_SELECTOR = YES;
				GCC_WARN_UNINITIALIZED_AUTOS = YES_AGGRESSIVE;
				GCC_WARN_UNUSED_FUNCTION = YES;
				GCC_WARN_UNUSED_VARIABLE = YES;
				IPHONEOS_DEPLOYMENT_TARGET = 16.1;
				MTL_ENABLE_DEBUG_INFO = INCLUDE_SOURCE;
				MTL_FAST_MATH = YES;
				ONLY_ACTIVE_ARCH = YES;
				SDKROOT = iphoneos;
				SWIFT_ACTIVE_COMPILATION_CONDITIONS = DEBUG;
				SWIFT_OPTIMIZATION_LEVEL = "-Onone";
			};
			name = Debug;
		};
		5F61F40E2A2A980600A20023 /* Release */ = {
			isa = XCBuildConfiguration;
			buildSettings = {
				ALWAYS_SEARCH_USER_PATHS = NO;
				CLANG_ANALYZER_NONNULL = YES;
				CLANG_ANALYZER_NUMBER_OBJECT_CONVERSION = YES_AGGRESSIVE;
				CLANG_CXX_LANGUAGE_STANDARD = "gnu++20";
				CLANG_ENABLE_MODULES = YES;
				CLANG_ENABLE_OBJC_ARC = YES;
				CLANG_ENABLE_OBJC_WEAK = YES;
				CLANG_WARN_BLOCK_CAPTURE_AUTORELEASING = YES;
				CLANG_WARN_BOOL_CONVERSION = YES;
				CLANG_WARN_COMMA = YES;
				CLANG_WARN_CONSTANT_CONVERSION = YES;
				CLANG_WARN_DEPRECATED_OBJC_IMPLEMENTATIONS = YES;
				CLANG_WARN_DIRECT_OBJC_ISA_USAGE = YES_ERROR;
				CLANG_WARN_DOCUMENTATION_COMMENTS = YES;
				CLANG_WARN_EMPTY_BODY = YES;
				CLANG_WARN_ENUM_CONVERSION = YES;
				CLANG_WARN_INFINITE_RECURSION = YES;
				CLANG_WARN_INT_CONVERSION = YES;
				CLANG_WARN_NON_LITERAL_NULL_CONVERSION = YES;
				CLANG_WARN_OBJC_IMPLICIT_RETAIN_SELF = YES;
				CLANG_WARN_OBJC_LITERAL_CONVERSION = YES;
				CLANG_WARN_OBJC_ROOT_CLASS = YES_ERROR;
				CLANG_WARN_QUOTED_INCLUDE_IN_FRAMEWORK_HEADER = YES;
				CLANG_WARN_RANGE_LOOP_ANALYSIS = YES;
				CLANG_WARN_STRICT_PROTOTYPES = YES;
				CLANG_WARN_SUSPICIOUS_MOVE = YES;
				CLANG_WARN_UNGUARDED_AVAILABILITY = YES_AGGRESSIVE;
				CLANG_WARN_UNREACHABLE_CODE = YES;
				CLANG_WARN__DUPLICATE_METHOD_MATCH = YES;
				COPY_PHASE_STRIP = NO;
				DEBUG_INFORMATION_FORMAT = "dwarf-with-dsym";
				ENABLE_NS_ASSERTIONS = NO;
				ENABLE_STRICT_OBJC_MSGSEND = YES;
				GCC_C_LANGUAGE_STANDARD = gnu11;
				GCC_NO_COMMON_BLOCKS = YES;
				GCC_WARN_64_TO_32_BIT_CONVERSION = YES;
				GCC_WARN_ABOUT_RETURN_TYPE = YES_ERROR;
				GCC_WARN_UNDECLARED_SELECTOR = YES;
				GCC_WARN_UNINITIALIZED_AUTOS = YES_AGGRESSIVE;
				GCC_WARN_UNUSED_FUNCTION = YES;
				GCC_WARN_UNUSED_VARIABLE = YES;
				IPHONEOS_DEPLOYMENT_TARGET = 16.1;
				MTL_ENABLE_DEBUG_INFO = NO;
				MTL_FAST_MATH = YES;
				SDKROOT = iphoneos;
				SWIFT_COMPILATION_MODE = wholemodule;
				SWIFT_OPTIMIZATION_LEVEL = "-O";
				VALIDATE_PRODUCT = YES;
			};
			name = Release;
		};
		5F61F4102A2A980600A20023 /* Debug */ = {
			isa = XCBuildConfiguration;
			buildSettings = {
				ASSETCATALOG_COMPILER_APPICON_NAME = AppIcon;
				ASSETCATALOG_COMPILER_GLOBAL_ACCENT_COLOR_NAME = AccentColor;
				CODE_SIGN_STYLE = Automatic;
				CURRENT_PROJECT_VERSION = 1;
				GENERATE_INFOPLIST_FILE = YES;
				INFOPLIST_FILE = ICargasBrasil/Info.plist;
				INFOPLIST_KEY_UIApplicationSupportsIndirectInputEvents = YES;
				INFOPLIST_KEY_UILaunchStoryboardName = LaunchScreen;
				INFOPLIST_KEY_UIMainStoryboardFile = Main;
				INFOPLIST_KEY_UISupportedInterfaceOrientations_iPad = "UIInterfaceOrientationPortrait UIInterfaceOrientationPortraitUpsideDown UIInterfaceOrientationLandscapeLeft UIInterfaceOrientationLandscapeRight";
				INFOPLIST_KEY_UISupportedInterfaceOrientations_iPhone = "UIInterfaceOrientationPortrait UIInterfaceOrientationLandscapeLeft UIInterfaceOrientationLandscapeRight";
				LD_RUNPATH_SEARCH_PATHS = (
					"$(inherited)",
					"@executable_path/Frameworks",
				);
				MARKETING_VERSION = 1.0;
				PRODUCT_BUNDLE_IDENTIFIER = com.cargas.brasil.ICargasBrasil;
				PRODUCT_NAME = "$(TARGET_NAME)";
				SWIFT_EMIT_LOC_STRINGS = YES;
				SWIFT_VERSION = 5.0;
				TARGETED_DEVICE_FAMILY = "1,2";
			};
			name = Debug;
		};
		5F61F4112A2A980600A20023 /* Release */ = {
			isa = XCBuildConfiguration;
			buildSettings = {
				ASSETCATALOG_COMPILER_APPICON_NAME = AppIcon;
				ASSETCATALOG_COMPILER_GLOBAL_ACCENT_COLOR_NAME = AccentColor;
				CODE_SIGN_STYLE = Automatic;
				CURRENT_PROJECT_VERSION = 1;
				GENERATE_INFOPLIST_FILE = YES;
				INFOPLIST_FILE = ICargasBrasil/Info.plist;
				INFOPLIST_KEY_UIApplicationSupportsIndirectInputEvents = YES;
				INFOPLIST_KEY_UILaunchStoryboardName = LaunchScreen;
				INFOPLIST_KEY_UIMainStoryboardFile = Main;
				INFOPLIST_KEY_UISupportedInterfaceOrientations_iPad = "UIInterfaceOrientationPortrait UIInterfaceOrientationPortraitUpsideDown UIInterfaceOrientationLandscapeLeft UIInterfaceOrientationLandscapeRight";
				INFOPLIST_KEY_UISupportedInterfaceOrientations_iPhone = "UIInterfaceOrientationPortrait UIInterfaceOrientationLandscapeLeft UIInterfaceOrientationLandscapeRight";
				LD_RUNPATH_SEARCH_PATHS = (
					"$(inherited)",
					"@executable_path/Frameworks",
				);
				MARKETING_VERSION = 1.0;
				PRODUCT_BUNDLE_IDENTIFIER = com.cargas.brasil.ICargasBrasil;
				PRODUCT_NAME = "$(TARGET_NAME)";
				SWIFT_EMIT_LOC_STRINGS = YES;
				SWIFT_VERSION = 5.0;
				TARGETED_DEVICE_FAMILY = "1,2";
			};
			name = Release;
		};
		5F61F4132A2A980600A20023 /* Debug */ = {
			isa = XCBuildConfiguration;
			buildSettings = {
				ALWAYS_EMBED_SWIFT_STANDARD_LIBRARIES = YES;
				BUNDLE_LOADER = "$(TEST_HOST)";
				CODE_SIGN_STYLE = Automatic;
				CURRENT_PROJECT_VERSION = 1;
				GENERATE_INFOPLIST_FILE = YES;
				IPHONEOS_DEPLOYMENT_TARGET = 16.1;
				MARKETING_VERSION = 1.0;
				PRODUCT_BUNDLE_IDENTIFIER = com.cargas.brasil.ICargasBrasilTests;
				PRODUCT_NAME = "$(TARGET_NAME)";
				SWIFT_EMIT_LOC_STRINGS = NO;
				SWIFT_VERSION = 5.0;
				TARGETED_DEVICE_FAMILY = "1,2";
				TEST_HOST = "$(BUILT_PRODUCTS_DIR)/ICargasBrasil.app/$(BUNDLE_EXECUTABLE_FOLDER_PATH)/ICargasBrasil";
			};
			name = Debug;
		};
		5F61F4142A2A980600A20023 /* Release */ = {
			isa = XCBuildConfiguration;
			buildSettings = {
				ALWAYS_EMBED_SWIFT_STANDARD_LIBRARIES = YES;
				BUNDLE_LOADER = "$(TEST_HOST)";
				CODE_SIGN_STYLE = Automatic;
				CURRENT_PROJECT_VERSION = 1;
				GENERATE_INFOPLIST_FILE = YES;
				IPHONEOS_DEPLOYMENT_TARGET = 16.1;
				MARKETING_VERSION = 1.0;
				PRODUCT_BUNDLE_IDENTIFIER = com.cargas.brasil.ICargasBrasilTests;
				PRODUCT_NAME = "$(TARGET_NAME)";
				SWIFT_EMIT_LOC_STRINGS = NO;
				SWIFT_VERSION = 5.0;
				TARGETED_DEVICE_FAMILY = "1,2";
				TEST_HOST = "$(BUILT_PRODUCTS_DIR)/ICargasBrasil.app/$(BUNDLE_EXECUTABLE_FOLDER_PATH)/ICargasBrasil";
			};
			name = Release;
		};
		5F61F4162A2A980600A20023 /* Debug */ = {
			isa = XCBuildConfiguration;
			buildSettings = {
				ALWAYS_EMBED_SWIFT_STANDARD_LIBRARIES = YES;
				CODE_SIGN_STYLE = Automatic;
				CURRENT_PROJECT_VERSION = 1;
				GENERATE_INFOPLIST_FILE = YES;
				MARKETING_VERSION = 1.0;
				PRODUCT_BUNDLE_IDENTIFIER = com.cargas.brasil.ICargasBrasilUITests;
				PRODUCT_NAME = "$(TARGET_NAME)";
				SWIFT_EMIT_LOC_STRINGS = NO;
				SWIFT_VERSION = 5.0;
				TARGETED_DEVICE_FAMILY = "1,2";
				TEST_TARGET_NAME = ICargasBrasil;
			};
			name = Debug;
		};
		5F61F4172A2A980600A20023 /* Release */ = {
			isa = XCBuildConfiguration;
			buildSettings = {
				ALWAYS_EMBED_SWIFT_STANDARD_LIBRARIES = YES;
				CODE_SIGN_STYLE = Automatic;
				CURRENT_PROJECT_VERSION = 1;
				GENERATE_INFOPLIST_FILE = YES;
				MARKETING_VERSION = 1.0;
				PRODUCT_BUNDLE_IDENTIFIER = com.cargas.brasil.ICargasBrasilUITests;
				PRODUCT_NAME = "$(TARGET_NAME)";
				SWIFT_EMIT_LOC_STRINGS = NO;
				SWIFT_VERSION = 5.0;
				TARGETED_DEVICE_FAMILY = "1,2";
				TEST_TARGET_NAME = ICargasBrasil;
			};
			name = Release;
		};
/* End XCBuildConfiguration section */

/* Begin XCConfigurationList section */
		5F61F3DD2A2A980400A20023 /* Build configuration list for PBXProject "ICargasBrasil" */ = {
			isa = XCConfigurationList;
			buildConfigurations = (
				5F61F40D2A2A980600A20023 /* Debug */,
				5F61F40E2A2A980600A20023 /* Release */,
			);
			defaultConfigurationIsVisible = 0;
			defaultConfigurationName = Release;
		};
		5F61F40F2A2A980600A20023 /* Build configuration list for PBXNativeTarget "ICargasBrasil" */ = {
			isa = XCConfigurationList;
			buildConfigurations = (
				5F61F4102A2A980600A20023 /* Debug */,
				5F61F4112A2A980600A20023 /* Release */,
			);
			defaultConfigurationIsVisible = 0;
			defaultConfigurationName = Release;
		};
		5F61F4122A2A980600A20023 /* Build configuration list for PBXNativeTarget "ICargasBrasilTests" */ = {
			isa = XCConfigurationList;
			buildConfigurations = (
				5F61F4132A2A980600A20023 /* Debug */,
				5F61F4142A2A980600A20023 /* Release */,
			);
			defaultConfigurationIsVisible = 0;
			defaultConfigurationName = Release;
		};
		5F61F4152A2A980600A20023 /* Build configuration list for PBXNativeTarget "ICargasBrasilUITests" */ = {
			isa = XCConfigurationList;
			buildConfigurations = (
				5F61F4162A2A980600A20023 /* Debug */,
				5F61F4172A2A980600A20023 /* Release */,
			);
			defaultConfigurationIsVisible = 0;
			defaultConfigurationName = Release;
		};
/* End XCConfigurationList section */

/* Begin XCVersionGroup section */
		5F61F3EE2A2A980400A20023 /* ICargasBrasil.xcdatamodeld */ = {
			isa = XCVersionGroup;
			children = (
				5F61F3EF2A2A980400A20023 /* ICargasBrasil.xcdatamodel */,
			);
			currentVersion = 5F61F3EF2A2A980400A20023 /* ICargasBrasil.xcdatamodel */;
			path = ICargasBrasil.xcdatamodeld;
			sourceTree = "<group>";
			versionGroupType = wrapper.xcdatamodel;
		};
/* End XCVersionGroup section */
	};
	rootObject = 5F61F3DA2A2A980400A20023 /* Project object */;
}
